{
  "name": "@geniusaisolutions/icons-example-node-ssr",
  "version": "0.1.0",
  "lockfileVersion": 3,
  "requires": true,
  "packages": {
    "": {
      "name": "@geniusaisolutions/icons-example-node-ssr",
      "version": "0.1.0",
      "dependencies": {
        "@geniusaisolutions/icons": "file:../.."
      }
    },
    "../..": {
      "version": "0.1.0",
      "license": "MIT",
      "dependencies": {
        "tslib": "^2.8.1"
      },
      "devDependencies": {
        "@angular/common": "^19.0.0",
        "@angular/compiler-cli": "^19.0.0",
        "@angular/core": "^19.0.0",
        "@types/react": "^19.0.10",
        "@types/react-dom": "^19.0.4",
        "@vitejs/plugin-react": "^5.0.0",
        "ng-packagr": "^19.0.0",
        "react": "^19.0.0",
        "react-dom": "^19.0.0",
        "solid-js": "^1.9.0",
        "tsup": "^8.3.5",
        "typescript": "5.6.3",
        "vite": "^6.1.0",
        "vue": "^3.5.0"
      },
      "engines": {
        "node": ">=18"
      },
      "peerDependencies": {
        "@angular/common": "^19.0.0",
        "@angular/core": "^19.0.0",
        "react": "^18.2.0 || ^19.0.0",
        "solid-js": "^1.9.0",
        "svelte": "^5.0.0",
        "vue": "^3.5.0"
      },
      "peerDependenciesMeta": {
        "@angular/common": {
          "optional": true
        },
        "@angular/core": {
          "optional": true
        },
        "react": {
          "optional": true
        },
        "solid-js": {
          "optional": true
        },
        "svelte": {
          "optional": true
        },
        "vue": {
          "optional": true
        }
      }
    },
    "node_modules/@geniusaisolutions/icons": {
      "resolved": "../..",
      "link": true
    }
  }
}
